
Microsoft Visual Studio Solution File, Format Version 12.00
# Visual Studio Version 17
VisualStudioVersion = 17.10.34916.146
MinimumVisualStudioVersion = 10.0.40219.1
Project("{FAE04EC0-301F-11D3-BF4B-00C04F79EFBC}") = "SeatReserve-Pro", "SeatReserve-Pro\SeatReserve-Pro.csproj", "{B4A435E5-5C72-4F3A-8AA9-65A664A2C698}"
EndProject
Global
	GlobalSection(SolutionConfigurationPlatforms) = preSolution
		Debug|Any CPU = Debug|Any CPU
		Release|Any CPU = Release|Any CPU
	EndGlobalSection
	GlobalSection(ProjectConfigurationPlatforms) = postSolution
		{B4A435E5-5C72-4F3A-8AA9-65A664A2C698}.Debug|Any CPU.ActiveCfg = Debug|Any CPU
		{B4A435E5-5C72-4F3A-8AA9-65A664A2C698}.Debug|Any CPU.Build.0 = Debug|Any CPU
		{B4A435E5-5C72-4F3A-8AA9-65A664A2C698}.Release|Any CPU.ActiveCfg = Release|Any CPU
		{B4A435E5-5C72-4F3A-8AA9-65A664A2C698}.Release|Any CPU.Build.0 = Release|Any CPU
	EndGlobalSection
	GlobalSection(SolutionProperties) = preSolution
		HideSolutionNode = FALSE
	EndGlobalSection
	GlobalSection(ExtensibilityGlobals) = postSolution
		SolutionGuid = {F26F6523-090F-4B3A-9C46-25CB8743B556}
	EndGlobalSection
EndGlobal
